
Microsoft Visual Studio Solution File, Format Version 12.00
# Visual Studio 15
VisualStudioVersion = 15.0.28307.705
MinimumVisualStudioVersion = 10.0.40219.1
Project("{8BC9CEB8-8B4A-11D0-8D11-00A0C91BC942}") = "P01 - Hello Windows!", "C01\P01\C01P01.vcxproj", "{C9D3208E-9A3F-4F47-B9E8-AC59544345B0}"
EndProject
Project("{8BC9CEB8-8B4A-11D0-8D11-00A0C91BC942}") = "P01 - ScreenSize", "C02\P01\C02P01.vcxproj", "{2D1FCF2C-05DA-40DC-A422-7C81E00D6072}"
EndProject
Project("{8BC9CEB8-8B4A-11D0-8D11-00A0C91BC942}") = "P01 - Hello Windows 2", "C03\P01\C03P01.vcxproj", "{3633ACC2-8ABF-446A-BFC9-72235E69421B}"
EndProject
Project("{8BC9CEB8-8B4A-11D0-8D11-00A0C91BC942}") = "P01 - GetSystemMetrics 1", "C04\P01\C04P01.vcxproj", "{1A92B843-0E59-4483-AE2D-9020607EDC0B}"
EndProject
Project("{8BC9CEB8-8B4A-11D0-8D11-00A0C91BC942}") = "P02 - GetSystemMetrics 2", "C04\P02\C04P02.vcxproj", "{CAC1A50A-09AC-4AAC-B738-E81E7496F410}"
EndProject
Project("{8BC9CEB8-8B4A-11D0-8D11-00A0C91BC942}") = "P03 - GetSystemMetrics 3", "C04\P03\C04P03.vcxproj", "{EF05B95E-7491-4C6D-8984-5D986C82DB58}"
EndProject
Project("{8BC9CEB8-8B4A-11D0-8D11-00A0C91BC942}") = "P01 - GetDeviceCaps 1", "C05\P01\C05P01.vcxproj", "{677AB53C-0035-4979-899C-A778DE44E492}"
EndProject
Project("{8BC9CEB8-8B4A-11D0-8D11-00A0C91BC942}") = "P02 - SineWave", "C05\P02\C05P02.vcxproj", "{9A62AA8E-E425-4E08-93E9-A56D2745F568}"
EndProject
Project("{8BC9CEB8-8B4A-11D0-8D11-00A0C91BC942}") = "P03 - LineDemo", "C05\P03\C05P03.vcxproj", "{947DABCD-3866-4A80-9847-DEEBBA42AECE}"
EndProject
Project("{8BC9CEB8-8B4A-11D0-8D11-00A0C91BC942}") = "P04 - Bezier", "C05\P04\C05P04.vcxproj", "{1860A9F6-AC26-4A06-BB60-BC31DF8670AB}"
EndProject
Project("{8BC9CEB8-8B4A-11D0-8D11-00A0C91BC942}") = "P05 - Fill Modes", "C05\P05\C05P05.vcxproj", "{E18CB174-4A0D-452E-BB39-C2E1CF2649F3}"
EndProject
Project("{8BC9CEB8-8B4A-11D0-8D11-00A0C91BC942}") = "P06 - Window Size", "C05\P06\C05P06.vcxproj", "{25331C7F-4EB0-462B-8985-E509E80A439E}"
EndProject
Project("{8BC9CEB8-8B4A-11D0-8D11-00A0C91BC942}") = "P07 - Random Rectangles", "C05\P07\C05P07.vcxproj", "{472A1A81-87DB-49A4-93CD-EAC9ECFD34BA}"
EndProject
Project("{8BC9CEB8-8B4A-11D0-8D11-00A0C91BC942}") = "P08 - Draw a Clover", "C05\P08\C05P08.vcxproj", "{335BD1A0-945C-445D-9EE4-1E5CF7379687}"
EndProject
Project("{8BC9CEB8-8B4A-11D0-8D11-00A0C91BC942}") = "P01 - GetSystemMetrics 4", "C06\P01\C06P01.vcxproj", "{BEB9236D-F283-4526-9010-7740E7261F9B}"
EndProject
Project("{8BC9CEB8-8B4A-11D0-8D11-00A0C91BC942}") = "P02 - Keyboard Message Viewer 1", "C06\P02\C06P02.vcxproj", "{236B5B4A-C85C-4AAA-90C8-657CA4B91534}"
EndProject
Project("{8BC9CEB8-8B4A-11D0-8D11-00A0C91BC942}") = "P03 - Stock Fonts", "C06\P03\C06P03.vcxproj", "{B614A248-030D-42F8-BEF7-6E85D218540F}"
EndProject
Project("{8BC9CEB8-8B4A-11D0-8D11-00A0C91BC942}") = "P04 - Keyboard Message Viewer 2", "C06\P04\C06P04.vcxproj", "{93262C16-98B4-47FC-A5A6-E25C5B80D705}"
EndProject
Project("{8BC9CEB8-8B4A-11D0-8D11-00A0C91BC942}") = "P05 - Typing Program", "C06\P05\C06P05.vcxproj", "{C23D26BB-F94F-43AC-B5A7-0C1AB6D02466}"
EndProject
Project("{8BC9CEB8-8B4A-11D0-8D11-00A0C91BC942}") = "P01 - Connect-the-Points", "C07\P01\C07P01.vcxproj", "{80DAA62D-721A-44C4-B318-463AB1675673}"
EndProject
Project("{8BC9CEB8-8B4A-11D0-8D11-00A0C91BC942}") = "P02 - Checker 1 Mouse Hit Demo", "C07\P02\C07P02.vcxproj", "{BDA5A728-8CF8-4F61-93D6-0F38917BCF68}"
EndProject
Project("{8BC9CEB8-8B4A-11D0-8D11-00A0C91BC942}") = "P03 - Checker 2 Mouse Hit Demo", "C07\P03\C07P03.vcxproj", "{1C07EE80-DBBA-4054-B3EE-966A07E01A5B}"
EndProject
Project("{8BC9CEB8-8B4A-11D0-8D11-00A0C91BC942}") = "P04 - Checker 3 Mouse Hit Demo", "C07\P04\C07P04.vcxproj", "{6271D386-E07C-489D-8611-EFD994219A13}"
EndProject
Project("{8BC9CEB8-8B4A-11D0-8D11-00A0C91BC942}") = "P05 - Checker 4 Mouse Hit Demo", "C07\P05\C07P05.vcxproj", "{02D7BC5A-B107-4740-8C3E-CE4A730BF785}"
EndProject
Project("{8BC9CEB8-8B4A-11D0-8D11-00A0C91BC942}") = "P06 - Mouse Button Demo", "C07\P06\C07P06.vcxproj", "{15595024-A9E0-4722-940B-541EDD3EBFD9}"
EndProject
Project("{8BC9CEB8-8B4A-11D0-8D11-00A0C91BC942}") = "P07 - Mouse Button and Capture Demo", "C07\P07\C07P07.vcxproj", "{C23A1B95-9054-47D9-B911-BD3D474B416F}"
EndProject
Project("{8BC9CEB8-8B4A-11D0-8D11-00A0C91BC942}") = "P08 - GetSystemMetrics 5", "C07\P08\C07P08.vcxproj", "{CB998E46-67A6-4822-A820-03161B848130}"
EndProject
Project("{8BC9CEB8-8B4A-11D0-8D11-00A0C91BC942}") = "P01 - Beeper1 Timer Demo", "C08\P01\C08P01.vcxproj", "{4B819B79-46D9-4D64-A3D7-54E2F4EE73A0}"
EndProject
Project("{8BC9CEB8-8B4A-11D0-8D11-00A0C91BC942}") = "P02 - Beeper2 Timer Demo", "C08\P02\C08P02.vcxproj", "{E310DD24-B59B-497D-A9A6-BE057C5938CF}"
EndProject
Project("{8BC9CEB8-8B4A-11D0-8D11-00A0C91BC942}") = "P03 - Digital Clock", "C08\P03\C08P03.vcxproj", "{0276E280-EA85-4C1E-BF2C-64079B5ED67A}"
EndProject
Project("{8BC9CEB8-8B4A-11D0-8D11-00A0C91BC942}") = "P04 - Analog Clock", "C08\P04\C08P04.vcxproj", "{64DC49CB-20A4-4D34-AA39-B8A0DF17ABCA}"
EndProject
Project("{8BC9CEB8-8B4A-11D0-8D11-00A0C91BC942}") = "P05 - What Color", "C08\P05\C08P05.vcxproj", "{AA050021-A898-4602-BB9C-F45FC69C37BF}"
EndProject
Project("{8BC9CEB8-8B4A-11D0-8D11-00A0C91BC942}") = "P01 - Button Look", "C09\P01\C09P01.vcxproj", "{F629A8B8-E4EE-41BB-A631-FE2569DA4B7A}"
EndProject
Project("{8BC9CEB8-8B4A-11D0-8D11-00A0C91BC942}") = "P02 - OwnerDraw", "C09\P02\C09P02.vcxproj", "{2B3C0D1A-58B5-44E7-89E1-59196AEF645F}"
EndProject
Project("{8BC9CEB8-8B4A-11D0-8D11-00A0C91BC942}") = "P03 - Color Scroll", "C09\P03\C09P03.vcxproj", "{61F6137C-5BD3-4D15-83CF-4CAAEA288281}"
EndProject
Project("{8BC9CEB8-8B4A-11D0-8D11-00A0C91BC942}") = "P04 - PopPad1", "C09\P04\C09P04.vcxproj", "{ED9122E5-9F44-41D5-90F1-AC354FF7C490}"
EndProject
Project("{8BC9CEB8-8B4A-11D0-8D11-00A0C91BC942}") = "P05 - Environment List Box", "C09\P05\C09P05.vcxproj", "{CBDEBA3F-A856-40F1-A960-8C97CA9C233A}"
EndProject
Project("{8BC9CEB8-8B4A-11D0-8D11-00A0C91BC942}") = "P06 - Head File List", "C09\P06\C09P06.vcxproj", "{5E1B9005-F968-4E7D-BF85-10473F7BFA8F}"
EndProject
Project("{8BC9CEB8-8B4A-11D0-8D11-00A0C91BC942}") = "P01 - Icon Demo", "C10\P01\C10P01.vcxproj", "{25E9FA8F-3DC9-4270-8663-1E0E7EA24264}"
EndProject
Project("{8BC9CEB8-8B4A-11D0-8D11-00A0C91BC942}") = "P02 - Poe Poem", "C10\P02\C10P02.vcxproj", "{DBBEFDDD-D828-413B-8F5F-AF3132F8AB14}"
EndProject
Project("{8BC9CEB8-8B4A-11D0-8D11-00A0C91BC942}") = "P03 - Menu Demo", "C10\P03\C10P03.vcxproj", "{8C248F6D-695C-43E2-BCE8-5C76CF4DDF17}"
EndProject
Project("{8BC9CEB8-8B4A-11D0-8D11-00A0C91BC942}") = "P04 - Popup Menu Demo", "C10\P04\C10P04.vcxproj", "{58A88F65-4517-4703-99B9-00CF4DCF8423}"
EndProject
Project("{8BC9CEB8-8B4A-11D0-8D11-00A0C91BC942}") = "P05 - Poor-Person's Menu", "C10\P05\C10P05.vcxproj", "{6D3D101F-B489-47C0-A547-DB3E327A9389}"
EndProject
Project("{8BC9CEB8-8B4A-11D0-8D11-00A0C91BC942}") = "P06 - No-Popup Nested Menu Demo", "C10\P06\C10P06.vcxproj", "{ABC882FF-8E24-4138-BE15-0B14CAFDDF1C}"
EndProject
Project("{8BC9CEB8-8B4A-11D0-8D11-00A0C91BC942}") = "P07 - PopPad2", "C10\P07\C10P07.vcxproj", "{E33E44DE-B448-4AB6-95D2-C073CA56A718}"
EndProject
Project("{8BC9CEB8-8B4A-11D0-8D11-00A0C91BC942}") = "P01 - About Box 1 Demo", "C11\P01\C11P01.vcxproj", "{BFA92F86-472C-48F0-9943-C45078F35C03}"
EndProject
Project("{8BC9CEB8-8B4A-11D0-8D11-00A0C91BC942}") = "P02 - About Box 2 Demo", "C11\P02\C11P02.vcxproj", "{DB9CE73F-B46A-49DC-BAF3-645A5F35BBF7}"
EndProject
Project("{8BC9CEB8-8B4A-11D0-8D11-00A0C91BC942}") = "P03 - About Box 3 Demo", "C11\P03\C11P03.vcxproj", "{183BD091-B0C5-400E-B047-EAF4CB7BE993}"
EndProject
Project("{8BC9CEB8-8B4A-11D0-8D11-00A0C91BC942}") = "P04 - Color Scroll", "C11\P04\C11P04.vcxproj", "{CD4C61CA-E132-4A41-B785-405396388A6F}"
EndProject
Project("{8BC9CEB8-8B4A-11D0-8D11-00A0C91BC942}") = "P05 - Hex Calculator", "C11\P05\C11P05.vcxproj", "{EA218BFF-445C-4922-A1D4-6A777A70052A}"
EndProject
Project("{8BC9CEB8-8B4A-11D0-8D11-00A0C91BC942}") = "P06 - PopPad", "C11\P06\C11P06.vcxproj", "{B776710B-5F52-4578-B897-D3C3051BFC2A}"
EndProject
Project("{8BC9CEB8-8B4A-11D0-8D11-00A0C91BC942}") = "P07 - Color Chooser Common Dialog", "C11\P07\C11P07.vcxproj", "{3C5F7040-1E86-4908-9856-E78FCB958698}"
EndProject
Project("{8BC9CEB8-8B4A-11D0-8D11-00A0C91BC942}") = "P01 - ClipText", "C12\P01\C12P01.vcxproj", "{976B1B4A-0FAE-475C-9F0A-9C05AC8F4543}"
EndProject
Project("{8BC9CEB8-8B4A-11D0-8D11-00A0C91BC942}") = "P02 - ClipView", "C12\P02\C12P02.vcxproj", "{02423165-7567-4631-A911-87FB68DD8D51}"
EndProject
Project("{8BC9CEB8-8B4A-11D0-8D11-00A0C91BC942}") = "P01 - GetDeviceCaps 2", "C13\P01\C13P01.vcxproj", "{27CC2386-11DC-42BD-BF76-A5240C56F23F}"
EndProject
Project("{8BC9CEB8-8B4A-11D0-8D11-00A0C91BC942}") = "P02 - FormFeed", "C13\P02\C13P02.vcxproj", "{FB17ADA2-0C0C-424A-9696-7CEFBE2616C9}"
EndProject
Project("{8BC9CEB8-8B4A-11D0-8D11-00A0C91BC942}") = "P03 - Bare-Bones Printing", "C13\P03\C13P03.vcxproj", "{2F0B376C-91D6-4111-A136-39A5908F8865}"
EndProject
Project("{2150E333-8FDC-42A3-9474-1A3956D46DE8}") = "Chapter 01 - Getting Started", "Chapter 01 - Getting Started", "{1F119342-D278-4E84-A61A-69DDDF378384}"
EndProject
Project("{2150E333-8FDC-42A3-9474-1A3956D46DE8}") = "Chapter 02 - An Introduction to Unicode", "Chapter 02 - An Introduction to Unicode", "{F1D42545-C6B5-4B81-8CDD-A7501154D0B4}"
EndProject
Project("{2150E333-8FDC-42A3-9474-1A3956D46DE8}") = "Chapter 03 - Windows and Messages", "Chapter 03 - Windows and Messages", "{12778789-2E6D-41BB-8506-A9C618B5B6A4}"
EndProject
Project("{2150E333-8FDC-42A3-9474-1A3956D46DE8}") = "Chapter 04 - An Exercise in Text Output", "Chapter 04 - An Exercise in Text Output", "{5BE0D1DC-0DD5-463C-A71B-F601B8651536}"
EndProject
Project("{2150E333-8FDC-42A3-9474-1A3956D46DE8}") = "Chapter 05 - Basic Drawing", "Chapter 05 - Basic Drawing", "{F60C9A0D-E79D-4B90-80F9-847546E7DFD7}"
EndProject
Project("{2150E333-8FDC-42A3-9474-1A3956D46DE8}") = "Chapter 06 - The Keyboard", "Chapter 06 - The Keyboard", "{4B4DBBFE-574C-4117-90FA-5CC2C5D675BA}"
EndProject
Project("{2150E333-8FDC-42A3-9474-1A3956D46DE8}") = "Chapter 07 - The Mouse", "Chapter 07 - The Mouse", "{1CC47824-8231-42CF-82FF-BA142AE0E24E}"
EndProject
Project("{2150E333-8FDC-42A3-9474-1A3956D46DE8}") = "Chapter 08 - The Timer", "Chapter 08 - The Timer", "{19105EB3-E69F-4FE2-A2DE-25770E76D72F}"
EndProject
Project("{2150E333-8FDC-42A3-9474-1A3956D46DE8}") = "Chapter 09 - Child Window Controls", "Chapter 09 - Child Window Controls", "{F78B15D0-70D9-44C1-9C08-A9AB8CA65D3F}"
EndProject
Project("{2150E333-8FDC-42A3-9474-1A3956D46DE8}") = "Chapter 10 - Menus and Other Resources", "Chapter 10 - Menus and Other Resources", "{5EC927DE-6992-4B22-B342-98DB921814FD}"
EndProject
Project("{2150E333-8FDC-42A3-9474-1A3956D46DE8}") = "Chapter 11 - Dialog Boxes", "Chapter 11 - Dialog Boxes", "{CFD82C67-6B97-401E-A362-F891474D1018}"
EndProject
Project("{2150E333-8FDC-42A3-9474-1A3956D46DE8}") = "Chapter 12 - The Clipboard", "Chapter 12 - The Clipboard", "{B2477BDD-9F8A-4B5E-B1BD-3A4A1405EBE9}"
EndProject
Project("{2150E333-8FDC-42A3-9474-1A3956D46DE8}") = "Chapter 13 - Using the Printer", "Chapter 13 - Using the Printer", "{E6413FA9-8E09-4BAD-BB54-9AD3211446EB}"
EndProject
Project("{8BC9CEB8-8B4A-11D0-8D11-00A0C91BC942}") = "P04 - Abort Procedure", "C13\P04\C13P04.vcxproj", "{8EB87EC6-BE3E-4782-AD45-A789CA2B4F64}"
EndProject
Project("{2150E333-8FDC-42A3-9474-1A3956D46DE8}") = "Section 1 - The Basics", "Section 1 - The Basics", "{6B91771E-EB81-4BC8-96DD-CACF3FD1A251}"
EndProject
Project("{2150E333-8FDC-42A3-9474-1A3956D46DE8}") = "Section 2 - More Graphics", "Section 2 - More Graphics", "{816AF768-22EE-4C43-A4F2-6321BEBFD209}"
EndProject
Project("{8BC9CEB8-8B4A-11D0-8D11-00A0C91BC942}") = "P05 - Adding a Print Dialog Box", "C13\P05\C13P05.vcxproj", "{9430CE72-4BFA-4228-84F7-CEF239BA7753}"
EndProject
Project("{8BC9CEB8-8B4A-11D0-8D11-00A0C91BC942}") = "P06 - Adding Printing to PopPad", "C13\P06\C13P06.vcxproj", "{B5876099-8D74-427B-A361-AAA55B1F859B}"
EndProject
Project("{2150E333-8FDC-42A3-9474-1A3956D46DE8}") = "Chapter 14 - Bitmaps and Bitblts", "Chapter 14 - Bitmaps and Bitblts", "{EAA68EBC-87EE-4130-B5FD-488D3CABD334}"
EndProject
Project("{8BC9CEB8-8B4A-11D0-8D11-00A0C91BC942}") = "P01 - A Simple BitBlt", "C14\P01\C14P01.vcxproj", "{21B97199-BB90-49ED-AEBD-F2075EF668F3}"
EndProject
Project("{8BC9CEB8-8B4A-11D0-8D11-00A0C91BC942}") = "P02 - Stretching the Bitmap", "C14\P02\C14P02.vcxproj", "{2C443CA8-113B-49C0-AC73-38232ACEEC33}"
EndProject
Project("{8BC9CEB8-8B4A-11D0-8D11-00A0C91BC942}") = "P03 - Loading Bitmap Resources", "C14\P03\C14P03.vcxproj", "{4540A06C-B2EE-4890-B67E-E1088070EB4E}"
EndProject
Global
	GlobalSection(SolutionConfigurationPlatforms) = preSolution
		Debug|x64 = Debug|x64
		Debug|x86 = Debug|x86
		Release|x64 = Release|x64
		Release|x86 = Release|x86
	EndGlobalSection
	GlobalSection(ProjectConfigurationPlatforms) = postSolution
		{C9D3208E-9A3F-4F47-B9E8-AC59544345B0}.Debug|x64.ActiveCfg = Debug|x64
		{C9D3208E-9A3F-4F47-B9E8-AC59544345B0}.Debug|x64.Build.0 = Debug|x64
		{C9D3208E-9A3F-4F47-B9E8-AC59544345B0}.Debug|x86.ActiveCfg = Debug|Win32
		{C9D3208E-9A3F-4F47-B9E8-AC59544345B0}.Debug|x86.Build.0 = Debug|Win32
		{C9D3208E-9A3F-4F47-B9E8-AC59544345B0}.Release|x64.ActiveCfg = Release|x64
		{C9D3208E-9A3F-4F47-B9E8-AC59544345B0}.Release|x64.Build.0 = Release|x64
		{C9D3208E-9A3F-4F47-B9E8-AC59544345B0}.Release|x86.ActiveCfg = Release|Win32
		{C9D3208E-9A3F-4F47-B9E8-AC59544345B0}.Release|x86.Build.0 = Release|Win32
		{2D1FCF2C-05DA-40DC-A422-7C81E00D6072}.Debug|x64.ActiveCfg = Debug|x64
		{2D1FCF2C-05DA-40DC-A422-7C81E00D6072}.Debug|x64.Build.0 = Debug|x64
		{2D1FCF2C-05DA-40DC-A422-7C81E00D6072}.Debug|x86.ActiveCfg = Debug|Win32
		{2D1FCF2C-05DA-40DC-A422-7C81E00D6072}.Debug|x86.Build.0 = Debug|Win32
		{2D1FCF2C-05DA-40DC-A422-7C81E00D6072}.Release|x64.ActiveCfg = Release|x64
		{2D1FCF2C-05DA-40DC-A422-7C81E00D6072}.Release|x64.Build.0 = Release|x64
		{2D1FCF2C-05DA-40DC-A422-7C81E00D6072}.Release|x86.ActiveCfg = Release|Win32
		{2D1FCF2C-05DA-40DC-A422-7C81E00D6072}.Release|x86.Build.0 = Release|Win32
		{3633ACC2-8ABF-446A-BFC9-72235E69421B}.Debug|x64.ActiveCfg = Debug|x64
		{3633ACC2-8ABF-446A-BFC9-72235E69421B}.Debug|x64.Build.0 = Debug|x64
		{3633ACC2-8ABF-446A-BFC9-72235E69421B}.Debug|x86.ActiveCfg = Debug|Win32
		{3633ACC2-8ABF-446A-BFC9-72235E69421B}.Debug|x86.Build.0 = Debug|Win32
		{3633ACC2-8ABF-446A-BFC9-72235E69421B}.Release|x64.ActiveCfg = Release|x64
		{3633ACC2-8ABF-446A-BFC9-72235E69421B}.Release|x64.Build.0 = Release|x64
		{3633ACC2-8ABF-446A-BFC9-72235E69421B}.Release|x86.ActiveCfg = Release|Win32
		{3633ACC2-8ABF-446A-BFC9-72235E69421B}.Release|x86.Build.0 = Release|Win32
		{1A92B843-0E59-4483-AE2D-9020607EDC0B}.Debug|x64.ActiveCfg = Debug|x64
		{1A92B843-0E59-4483-AE2D-9020607EDC0B}.Debug|x64.Build.0 = Debug|x64
		{1A92B843-0E59-4483-AE2D-9020607EDC0B}.Debug|x86.ActiveCfg = Debug|Win32
		{1A92B843-0E59-4483-AE2D-9020607EDC0B}.Debug|x86.Build.0 = Debug|Win32
		{1A92B843-0E59-4483-AE2D-9020607EDC0B}.Release|x64.ActiveCfg = Release|x64
		{1A92B843-0E59-4483-AE2D-9020607EDC0B}.Release|x64.Build.0 = Release|x64
		{1A92B843-0E59-4483-AE2D-9020607EDC0B}.Release|x86.ActiveCfg = Release|Win32
		{1A92B843-0E59-4483-AE2D-9020607EDC0B}.Release|x86.Build.0 = Release|Win32
		{CAC1A50A-09AC-4AAC-B738-E81E7496F410}.Debug|x64.ActiveCfg = Debug|x64
		{CAC1A50A-09AC-4AAC-B738-E81E7496F410}.Debug|x64.Build.0 = Debug|x64
		{CAC1A50A-09AC-4AAC-B738-E81E7496F410}.Debug|x86.ActiveCfg = Debug|Win32
		{CAC1A50A-09AC-4AAC-B738-E81E7496F410}.Debug|x86.Build.0 = Debug|Win32
		{CAC1A50A-09AC-4AAC-B738-E81E7496F410}.Release|x64.ActiveCfg = Release|x64
		{CAC1A50A-09AC-4AAC-B738-E81E7496F410}.Release|x64.Build.0 = Release|x64
		{CAC1A50A-09AC-4AAC-B738-E81E7496F410}.Release|x86.ActiveCfg = Release|Win32
		{CAC1A50A-09AC-4AAC-B738-E81E7496F410}.Release|x86.Build.0 = Release|Win32
		{EF05B95E-7491-4C6D-8984-5D986C82DB58}.Debug|x64.ActiveCfg = Debug|x64
		{EF05B95E-7491-4C6D-8984-5D986C82DB58}.Debug|x64.Build.0 = Debug|x64
		{EF05B95E-7491-4C6D-8984-5D986C82DB58}.Debug|x86.ActiveCfg = Debug|Win32
		{EF05B95E-7491-4C6D-8984-5D986C82DB58}.Debug|x86.Build.0 = Debug|Win32
		{EF05B95E-7491-4C6D-8984-5D986C82DB58}.Release|x64.ActiveCfg = Release|x64
		{EF05B95E-7491-4C6D-8984-5D986C82DB58}.Release|x64.Build.0 = Release|x64
		{EF05B95E-7491-4C6D-8984-5D986C82DB58}.Release|x86.ActiveCfg = Release|Win32
		{EF05B95E-7491-4C6D-8984-5D986C82DB58}.Release|x86.Build.0 = Release|Win32
		{677AB53C-0035-4979-899C-A778DE44E492}.Debug|x64.ActiveCfg = Debug|x64
		{677AB53C-0035-4979-899C-A778DE44E492}.Debug|x64.Build.0 = Debug|x64
		{677AB53C-0035-4979-899C-A778DE44E492}.Debug|x86.ActiveCfg = Debug|Win32
		{677AB53C-0035-4979-899C-A778DE44E492}.Debug|x86.Build.0 = Debug|Win32
		{677AB53C-0035-4979-899C-A778DE44E492}.Release|x64.ActiveCfg = Release|x64
		{677AB53C-0035-4979-899C-A778DE44E492}.Release|x64.Build.0 = Release|x64
		{677AB53C-0035-4979-899C-A778DE44E492}.Release|x86.ActiveCfg = Release|Win32
		{677AB53C-0035-4979-899C-A778DE44E492}.Release|x86.Build.0 = Release|Win32
		{9A62AA8E-E425-4E08-93E9-A56D2745F568}.Debug|x64.ActiveCfg = Debug|x64
		{9A62AA8E-E425-4E08-93E9-A56D2745F568}.Debug|x64.Build.0 = Debug|x64
		{9A62AA8E-E425-4E08-93E9-A56D2745F568}.Debug|x86.ActiveCfg = Debug|Win32
		{9A62AA8E-E425-4E08-93E9-A56D2745F568}.Debug|x86.Build.0 = Debug|Win32
		{9A62AA8E-E425-4E08-93E9-A56D2745F568}.Release|x64.ActiveCfg = Release|x64
		{9A62AA8E-E425-4E08-93E9-A56D2745F568}.Release|x64.Build.0 = Release|x64
		{9A62AA8E-E425-4E08-93E9-A56D2745F568}.Release|x86.ActiveCfg = Release|Win32
		{9A62AA8E-E425-4E08-93E9-A56D2745F568}.Release|x86.Build.0 = Release|Win32
		{947DABCD-3866-4A80-9847-DEEBBA42AECE}.Debug|x64.ActiveCfg = Debug|x64
		{947DABCD-3866-4A80-9847-DEEBBA42AECE}.Debug|x64.Build.0 = Debug|x64
		{947DABCD-3866-4A80-9847-DEEBBA42AECE}.Debug|x86.ActiveCfg = Debug|Win32
		{947DABCD-3866-4A80-9847-DEEBBA42AECE}.Debug|x86.Build.0 = Debug|Win32
		{947DABCD-3866-4A80-9847-DEEBBA42AECE}.Release|x64.ActiveCfg = Release|x64
		{947DABCD-3866-4A80-9847-DEEBBA42AECE}.Release|x64.Build.0 = Release|x64
		{947DABCD-3866-4A80-9847-DEEBBA42AECE}.Release|x86.ActiveCfg = Release|Win32
		{947DABCD-3866-4A80-9847-DEEBBA42AECE}.Release|x86.Build.0 = Release|Win32
		{1860A9F6-AC26-4A06-BB60-BC31DF8670AB}.Debug|x64.ActiveCfg = Debug|x64
		{1860A9F6-AC26-4A06-BB60-BC31DF8670AB}.Debug|x64.Build.0 = Debug|x64
		{1860A9F6-AC26-4A06-BB60-BC31DF8670AB}.Debug|x86.ActiveCfg = Debug|Win32
		{1860A9F6-AC26-4A06-BB60-BC31DF8670AB}.Debug|x86.Build.0 = Debug|Win32
		{1860A9F6-AC26-4A06-BB60-BC31DF8670AB}.Release|x64.ActiveCfg = Release|x64
		{1860A9F6-AC26-4A06-BB60-BC31DF8670AB}.Release|x64.Build.0 = Release|x64
		{1860A9F6-AC26-4A06-BB60-BC31DF8670AB}.Release|x86.ActiveCfg = Release|Win32
		{1860A9F6-AC26-4A06-BB60-BC31DF8670AB}.Release|x86.Build.0 = Release|Win32
		{E18CB174-4A0D-452E-BB39-C2E1CF2649F3}.Debug|x64.ActiveCfg = Debug|x64
		{E18CB174-4A0D-452E-BB39-C2E1CF2649F3}.Debug|x64.Build.0 = Debug|x64
		{E18CB174-4A0D-452E-BB39-C2E1CF2649F3}.Debug|x86.ActiveCfg = Debug|Win32
		{E18CB174-4A0D-452E-BB39-C2E1CF2649F3}.Debug|x86.Build.0 = Debug|Win32
		{E18CB174-4A0D-452E-BB39-C2E1CF2649F3}.Release|x64.ActiveCfg = Release|x64
		{E18CB174-4A0D-452E-BB39-C2E1CF2649F3}.Release|x64.Build.0 = Release|x64
		{E18CB174-4A0D-452E-BB39-C2E1CF2649F3}.Release|x86.ActiveCfg = Release|Win32
		{E18CB174-4A0D-452E-BB39-C2E1CF2649F3}.Release|x86.Build.0 = Release|Win32
		{25331C7F-4EB0-462B-8985-E509E80A439E}.Debug|x64.ActiveCfg = Debug|x64
		{25331C7F-4EB0-462B-8985-E509E80A439E}.Debug|x64.Build.0 = Debug|x64
		{25331C7F-4EB0-462B-8985-E509E80A439E}.Debug|x86.ActiveCfg = Debug|Win32
		{25331C7F-4EB0-462B-8985-E509E80A439E}.Debug|x86.Build.0 = Debug|Win32
		{25331C7F-4EB0-462B-8985-E509E80A439E}.Release|x64.ActiveCfg = Release|x64
		{25331C7F-4EB0-462B-8985-E509E80A439E}.Release|x64.Build.0 = Release|x64
		{25331C7F-4EB0-462B-8985-E509E80A439E}.Release|x86.ActiveCfg = Release|Win32
		{25331C7F-4EB0-462B-8985-E509E80A439E}.Release|x86.Build.0 = Release|Win32
		{472A1A81-87DB-49A4-93CD-EAC9ECFD34BA}.Debug|x64.ActiveCfg = Debug|x64
		{472A1A81-87DB-49A4-93CD-EAC9ECFD34BA}.Debug|x64.Build.0 = Debug|x64
		{472A1A81-87DB-49A4-93CD-EAC9ECFD34BA}.Debug|x86.ActiveCfg = Debug|Win32
		{472A1A81-87DB-49A4-93CD-EAC9ECFD34BA}.Debug|x86.Build.0 = Debug|Win32
		{472A1A81-87DB-49A4-93CD-EAC9ECFD34BA}.Release|x64.ActiveCfg = Release|x64
		{472A1A81-87DB-49A4-93CD-EAC9ECFD34BA}.Release|x64.Build.0 = Release|x64
		{472A1A81-87DB-49A4-93CD-EAC9ECFD34BA}.Release|x86.ActiveCfg = Release|Win32
		{472A1A81-87DB-49A4-93CD-EAC9ECFD34BA}.Release|x86.Build.0 = Release|Win32
		{335BD1A0-945C-445D-9EE4-1E5CF7379687}.Debug|x64.ActiveCfg = Debug|x64
		{335BD1A0-945C-445D-9EE4-1E5CF7379687}.Debug|x64.Build.0 = Debug|x64
		{335BD1A0-945C-445D-9EE4-1E5CF7379687}.Debug|x86.ActiveCfg = Debug|Win32
		{335BD1A0-945C-445D-9EE4-1E5CF7379687}.Debug|x86.Build.0 = Debug|Win32
		{335BD1A0-945C-445D-9EE4-1E5CF7379687}.Release|x64.ActiveCfg = Release|x64
		{335BD1A0-945C-445D-9EE4-1E5CF7379687}.Release|x64.Build.0 = Release|x64
		{335BD1A0-945C-445D-9EE4-1E5CF7379687}.Release|x86.ActiveCfg = Release|Win32
		{335BD1A0-945C-445D-9EE4-1E5CF7379687}.Release|x86.Build.0 = Release|Win32
		{BEB9236D-F283-4526-9010-7740E7261F9B}.Debug|x64.ActiveCfg = Debug|x64
		{BEB9236D-F283-4526-9010-7740E7261F9B}.Debug|x64.Build.0 = Debug|x64
		{BEB9236D-F283-4526-9010-7740E7261F9B}.Debug|x86.ActiveCfg = Debug|Win32
		{BEB9236D-F283-4526-9010-7740E7261F9B}.Debug|x86.Build.0 = Debug|Win32
		{BEB9236D-F283-4526-9010-7740E7261F9B}.Release|x64.ActiveCfg = Release|x64
		{BEB9236D-F283-4526-9010-7740E7261F9B}.Release|x64.Build.0 = Release|x64
		{BEB9236D-F283-4526-9010-7740E7261F9B}.Release|x86.ActiveCfg = Release|Win32
		{BEB9236D-F283-4526-9010-7740E7261F9B}.Release|x86.Build.0 = Release|Win32
		{236B5B4A-C85C-4AAA-90C8-657CA4B91534}.Debug|x64.ActiveCfg = Debug|x64
		{236B5B4A-C85C-4AAA-90C8-657CA4B91534}.Debug|x64.Build.0 = Debug|x64
		{236B5B4A-C85C-4AAA-90C8-657CA4B91534}.Debug|x86.ActiveCfg = Debug|Win32
		{236B5B4A-C85C-4AAA-90C8-657CA4B91534}.Debug|x86.Build.0 = Debug|Win32
		{236B5B4A-C85C-4AAA-90C8-657CA4B91534}.Release|x64.ActiveCfg = Release|x64
		{236B5B4A-C85C-4AAA-90C8-657CA4B91534}.Release|x64.Build.0 = Release|x64
		{236B5B4A-C85C-4AAA-90C8-657CA4B91534}.Release|x86.ActiveCfg = Release|Win32
		{236B5B4A-C85C-4AAA-90C8-657CA4B91534}.Release|x86.Build.0 = Release|Win32
		{B614A248-030D-42F8-BEF7-6E85D218540F}.Debug|x64.ActiveCfg = Debug|x64
		{B614A248-030D-42F8-BEF7-6E85D218540F}.Debug|x64.Build.0 = Debug|x64
		{B614A248-030D-42F8-BEF7-6E85D218540F}.Debug|x86.ActiveCfg = Debug|Win32
		{B614A248-030D-42F8-BEF7-6E85D218540F}.Debug|x86.Build.0 = Debug|Win32
		{B614A248-030D-42F8-BEF7-6E85D218540F}.Release|x64.ActiveCfg = Release|x64
		{B614A248-030D-42F8-BEF7-6E85D218540F}.Release|x64.Build.0 = Release|x64
		{B614A248-030D-42F8-BEF7-6E85D218540F}.Release|x86.ActiveCfg = Release|Win32
		{B614A248-030D-42F8-BEF7-6E85D218540F}.Release|x86.Build.0 = Release|Win32
		{93262C16-98B4-47FC-A5A6-E25C5B80D705}.Debug|x64.ActiveCfg = Debug|x64
		{93262C16-98B4-47FC-A5A6-E25C5B80D705}.Debug|x64.Build.0 = Debug|x64
		{93262C16-98B4-47FC-A5A6-E25C5B80D705}.Debug|x86.ActiveCfg = Debug|Win32
		{93262C16-98B4-47FC-A5A6-E25C5B80D705}.Debug|x86.Build.0 = Debug|Win32
		{93262C16-98B4-47FC-A5A6-E25C5B80D705}.Release|x64.ActiveCfg = Release|x64
		{93262C16-98B4-47FC-A5A6-E25C5B80D705}.Release|x64.Build.0 = Release|x64
		{93262C16-98B4-47FC-A5A6-E25C5B80D705}.Release|x86.ActiveCfg = Release|Win32
		{93262C16-98B4-47FC-A5A6-E25C5B80D705}.Release|x86.Build.0 = Release|Win32
		{C23D26BB-F94F-43AC-B5A7-0C1AB6D02466}.Debug|x64.ActiveCfg = Debug|x64
		{C23D26BB-F94F-43AC-B5A7-0C1AB6D02466}.Debug|x64.Build.0 = Debug|x64
		{C23D26BB-F94F-43AC-B5A7-0C1AB6D02466}.Debug|x86.ActiveCfg = Debug|Win32
		{C23D26BB-F94F-43AC-B5A7-0C1AB6D02466}.Debug|x86.Build.0 = Debug|Win32
		{C23D26BB-F94F-43AC-B5A7-0C1AB6D02466}.Release|x64.ActiveCfg = Release|x64
		{C23D26BB-F94F-43AC-B5A7-0C1AB6D02466}.Release|x64.Build.0 = Release|x64
		{C23D26BB-F94F-43AC-B5A7-0C1AB6D02466}.Release|x86.ActiveCfg = Release|Win32
		{C23D26BB-F94F-43AC-B5A7-0C1AB6D02466}.Release|x86.Build.0 = Release|Win32
		{80DAA62D-721A-44C4-B318-463AB1675673}.Debug|x64.ActiveCfg = Debug|x64
		{80DAA62D-721A-44C4-B318-463AB1675673}.Debug|x64.Build.0 = Debug|x64
		{80DAA62D-721A-44C4-B318-463AB1675673}.Debug|x86.ActiveCfg = Debug|Win32
		{80DAA62D-721A-44C4-B318-463AB1675673}.Debug|x86.Build.0 = Debug|Win32
		{80DAA62D-721A-44C4-B318-463AB1675673}.Release|x64.ActiveCfg = Release|x64
		{80DAA62D-721A-44C4-B318-463AB1675673}.Release|x64.Build.0 = Release|x64
		{80DAA62D-721A-44C4-B318-463AB1675673}.Release|x86.ActiveCfg = Release|Win32
		{80DAA62D-721A-44C4-B318-463AB1675673}.Release|x86.Build.0 = Release|Win32
		{BDA5A728-8CF8-4F61-93D6-0F38917BCF68}.Debug|x64.ActiveCfg = Debug|x64
		{BDA5A728-8CF8-4F61-93D6-0F38917BCF68}.Debug|x64.Build.0 = Debug|x64
		{BDA5A728-8CF8-4F61-93D6-0F38917BCF68}.Debug|x86.ActiveCfg = Debug|Win32
		{BDA5A728-8CF8-4F61-93D6-0F38917BCF68}.Debug|x86.Build.0 = Debug|Win32
		{BDA5A728-8CF8-4F61-93D6-0F38917BCF68}.Release|x64.ActiveCfg = Release|x64
		{BDA5A728-8CF8-4F61-93D6-0F38917BCF68}.Release|x64.Build.0 = Release|x64
		{BDA5A728-8CF8-4F61-93D6-0F38917BCF68}.Release|x86.ActiveCfg = Release|Win32
		{BDA5A728-8CF8-4F61-93D6-0F38917BCF68}.Release|x86.Build.0 = Release|Win32
		{1C07EE80-DBBA-4054-B3EE-966A07E01A5B}.Debug|x64.ActiveCfg = Debug|x64
		{1C07EE80-DBBA-4054-B3EE-966A07E01A5B}.Debug|x64.Build.0 = Debug|x64
		{1C07EE80-DBBA-4054-B3EE-966A07E01A5B}.Debug|x86.ActiveCfg = Debug|Win32
		{1C07EE80-DBBA-4054-B3EE-966A07E01A5B}.Debug|x86.Build.0 = Debug|Win32
		{1C07EE80-DBBA-4054-B3EE-966A07E01A5B}.Release|x64.ActiveCfg = Release|x64
		{1C07EE80-DBBA-4054-B3EE-966A07E01A5B}.Release|x64.Build.0 = Release|x64
		{1C07EE80-DBBA-4054-B3EE-966A07E01A5B}.Release|x86.ActiveCfg = Release|Win32
		{1C07EE80-DBBA-4054-B3EE-966A07E01A5B}.Release|x86.Build.0 = Release|Win32
		{6271D386-E07C-489D-8611-EFD994219A13}.Debug|x64.ActiveCfg = Debug|x64
		{6271D386-E07C-489D-8611-EFD994219A13}.Debug|x64.Build.0 = Debug|x64
		{6271D386-E07C-489D-8611-EFD994219A13}.Debug|x86.ActiveCfg = Debug|Win32
		{6271D386-E07C-489D-8611-EFD994219A13}.Debug|x86.Build.0 = Debug|Win32
		{6271D386-E07C-489D-8611-EFD994219A13}.Release|x64.ActiveCfg = Release|x64
		{6271D386-E07C-489D-8611-EFD994219A13}.Release|x64.Build.0 = Release|x64
		{6271D386-E07C-489D-8611-EFD994219A13}.Release|x86.ActiveCfg = Release|Win32
		{6271D386-E07C-489D-8611-EFD994219A13}.Release|x86.Build.0 = Release|Win32
		{02D7BC5A-B107-4740-8C3E-CE4A730BF785}.Debug|x64.ActiveCfg = Debug|x64
		{02D7BC5A-B107-4740-8C3E-CE4A730BF785}.Debug|x64.Build.0 = Debug|x64
		{02D7BC5A-B107-4740-8C3E-CE4A730BF785}.Debug|x86.ActiveCfg = Debug|Win32
		{02D7BC5A-B107-4740-8C3E-CE4A730BF785}.Debug|x86.Build.0 = Debug|Win32
		{02D7BC5A-B107-4740-8C3E-CE4A730BF785}.Release|x64.ActiveCfg = Release|x64
		{02D7BC5A-B107-4740-8C3E-CE4A730BF785}.Release|x64.Build.0 = Release|x64
		{02D7BC5A-B107-4740-8C3E-CE4A730BF785}.Release|x86.ActiveCfg = Release|Win32
		{02D7BC5A-B107-4740-8C3E-CE4A730BF785}.Release|x86.Build.0 = Release|Win32
		{15595024-A9E0-4722-940B-541EDD3EBFD9}.Debug|x64.ActiveCfg = Debug|x64
		{15595024-A9E0-4722-940B-541EDD3EBFD9}.Debug|x64.Build.0 = Debug|x64
		{15595024-A9E0-4722-940B-541EDD3EBFD9}.Debug|x86.ActiveCfg = Debug|Win32
		{15595024-A9E0-4722-940B-541EDD3EBFD9}.Debug|x86.Build.0 = Debug|Win32
		{15595024-A9E0-4722-940B-541EDD3EBFD9}.Release|x64.ActiveCfg = Release|x64
		{15595024-A9E0-4722-940B-541EDD3EBFD9}.Release|x64.Build.0 = Release|x64
		{15595024-A9E0-4722-940B-541EDD3EBFD9}.Release|x86.ActiveCfg = Release|Win32
		{15595024-A9E0-4722-940B-541EDD3EBFD9}.Release|x86.Build.0 = Release|Win32
		{C23A1B95-9054-47D9-B911-BD3D474B416F}.Debug|x64.ActiveCfg = Debug|x64
		{C23A1B95-9054-47D9-B911-BD3D474B416F}.Debug|x64.Build.0 = Debug|x64
		{C23A1B95-9054-47D9-B911-BD3D474B416F}.Debug|x86.ActiveCfg = Debug|Win32
		{C23A1B95-9054-47D9-B911-BD3D474B416F}.Debug|x86.Build.0 = Debug|Win32
		{C23A1B95-9054-47D9-B911-BD3D474B416F}.Release|x64.ActiveCfg = Release|x64
		{C23A1B95-9054-47D9-B911-BD3D474B416F}.Release|x64.Build.0 = Release|x64
		{C23A1B95-9054-47D9-B911-BD3D474B416F}.Release|x86.ActiveCfg = Release|Win32
		{C23A1B95-9054-47D9-B911-BD3D474B416F}.Release|x86.Build.0 = Release|Win32
		{CB998E46-67A6-4822-A820-03161B848130}.Debug|x64.ActiveCfg = Debug|x64
		{CB998E46-67A6-4822-A820-03161B848130}.Debug|x64.Build.0 = Debug|x64
		{CB998E46-67A6-4822-A820-03161B848130}.Debug|x86.ActiveCfg = Debug|Win32
		{CB998E46-67A6-4822-A820-03161B848130}.Debug|x86.Build.0 = Debug|Win32
		{CB998E46-67A6-4822-A820-03161B848130}.Release|x64.ActiveCfg = Release|x64
		{CB998E46-67A6-4822-A820-03161B848130}.Release|x64.Build.0 = Release|x64
		{CB998E46-67A6-4822-A820-03161B848130}.Release|x86.ActiveCfg = Release|Win32
		{CB998E46-67A6-4822-A820-03161B848130}.Release|x86.Build.0 = Release|Win32
		{4B819B79-46D9-4D64-A3D7-54E2F4EE73A0}.Debug|x64.ActiveCfg = Debug|x64
		{4B819B79-46D9-4D64-A3D7-54E2F4EE73A0}.Debug|x64.Build.0 = Debug|x64
		{4B819B79-46D9-4D64-A3D7-54E2F4EE73A0}.Debug|x86.ActiveCfg = Debug|Win32
		{4B819B79-46D9-4D64-A3D7-54E2F4EE73A0}.Debug|x86.Build.0 = Debug|Win32
		{4B819B79-46D9-4D64-A3D7-54E2F4EE73A0}.Release|x64.ActiveCfg = Release|x64
		{4B819B79-46D9-4D64-A3D7-54E2F4EE73A0}.Release|x64.Build.0 = Release|x64
		{4B819B79-46D9-4D64-A3D7-54E2F4EE73A0}.Release|x86.ActiveCfg = Release|Win32
		{4B819B79-46D9-4D64-A3D7-54E2F4EE73A0}.Release|x86.Build.0 = Release|Win32
		{E310DD24-B59B-497D-A9A6-BE057C5938CF}.Debug|x64.ActiveCfg = Debug|x64
		{E310DD24-B59B-497D-A9A6-BE057C5938CF}.Debug|x64.Build.0 = Debug|x64
		{E310DD24-B59B-497D-A9A6-BE057C5938CF}.Debug|x86.ActiveCfg = Debug|Win32
		{E310DD24-B59B-497D-A9A6-BE057C5938CF}.Debug|x86.Build.0 = Debug|Win32
		{E310DD24-B59B-497D-A9A6-BE057C5938CF}.Release|x64.ActiveCfg = Release|x64
		{E310DD24-B59B-497D-A9A6-BE057C5938CF}.Release|x64.Build.0 = Release|x64
		{E310DD24-B59B-497D-A9A6-BE057C5938CF}.Release|x86.ActiveCfg = Release|Win32
		{E310DD24-B59B-497D-A9A6-BE057C5938CF}.Release|x86.Build.0 = Release|Win32
		{0276E280-EA85-4C1E-BF2C-64079B5ED67A}.Debug|x64.ActiveCfg = Debug|x64
		{0276E280-EA85-4C1E-BF2C-64079B5ED67A}.Debug|x64.Build.0 = Debug|x64
		{0276E280-EA85-4C1E-BF2C-64079B5ED67A}.Debug|x86.ActiveCfg = Debug|Win32
		{0276E280-EA85-4C1E-BF2C-64079B5ED67A}.Debug|x86.Build.0 = Debug|Win32
		{0276E280-EA85-4C1E-BF2C-64079B5ED67A}.Release|x64.ActiveCfg = Release|x64
		{0276E280-EA85-4C1E-BF2C-64079B5ED67A}.Release|x64.Build.0 = Release|x64
		{0276E280-EA85-4C1E-BF2C-64079B5ED67A}.Release|x86.ActiveCfg = Release|Win32
		{0276E280-EA85-4C1E-BF2C-64079B5ED67A}.Release|x86.Build.0 = Release|Win32
		{64DC49CB-20A4-4D34-AA39-B8A0DF17ABCA}.Debug|x64.ActiveCfg = Debug|x64
		{64DC49CB-20A4-4D34-AA39-B8A0DF17ABCA}.Debug|x64.Build.0 = Debug|x64
		{64DC49CB-20A4-4D34-AA39-B8A0DF17ABCA}.Debug|x86.ActiveCfg = Debug|Win32
		{64DC49CB-20A4-4D34-AA39-B8A0DF17ABCA}.Debug|x86.Build.0 = Debug|Win32
		{64DC49CB-20A4-4D34-AA39-B8A0DF17ABCA}.Release|x64.ActiveCfg = Release|x64
		{64DC49CB-20A4-4D34-AA39-B8A0DF17ABCA}.Release|x64.Build.0 = Release|x64
		{64DC49CB-20A4-4D34-AA39-B8A0DF17ABCA}.Release|x86.ActiveCfg = Release|Win32
		{64DC49CB-20A4-4D34-AA39-B8A0DF17ABCA}.Release|x86.Build.0 = Release|Win32
		{AA050021-A898-4602-BB9C-F45FC69C37BF}.Debug|x64.ActiveCfg = Debug|x64
		{AA050021-A898-4602-BB9C-F45FC69C37BF}.Debug|x64.Build.0 = Debug|x64
		{AA050021-A898-4602-BB9C-F45FC69C37BF}.Debug|x86.ActiveCfg = Debug|Win32
		{AA050021-A898-4602-BB9C-F45FC69C37BF}.Debug|x86.Build.0 = Debug|Win32
		{AA050021-A898-4602-BB9C-F45FC69C37BF}.Release|x64.ActiveCfg = Release|x64
		{AA050021-A898-4602-BB9C-F45FC69C37BF}.Release|x64.Build.0 = Release|x64
		{AA050021-A898-4602-BB9C-F45FC69C37BF}.Release|x86.ActiveCfg = Release|Win32
		{AA050021-A898-4602-BB9C-F45FC69C37BF}.Release|x86.Build.0 = Release|Win32
		{F629A8B8-E4EE-41BB-A631-FE2569DA4B7A}.Debug|x64.ActiveCfg = Debug|x64
		{F629A8B8-E4EE-41BB-A631-FE2569DA4B7A}.Debug|x64.Build.0 = Debug|x64
		{F629A8B8-E4EE-41BB-A631-FE2569DA4B7A}.Debug|x86.ActiveCfg = Debug|Win32
		{F629A8B8-E4EE-41BB-A631-FE2569DA4B7A}.Debug|x86.Build.0 = Debug|Win32
		{F629A8B8-E4EE-41BB-A631-FE2569DA4B7A}.Release|x64.ActiveCfg = Release|x64
		{F629A8B8-E4EE-41BB-A631-FE2569DA4B7A}.Release|x64.Build.0 = Release|x64
		{F629A8B8-E4EE-41BB-A631-FE2569DA4B7A}.Release|x86.ActiveCfg = Release|Win32
		{F629A8B8-E4EE-41BB-A631-FE2569DA4B7A}.Release|x86.Build.0 = Release|Win32
		{2B3C0D1A-58B5-44E7-89E1-59196AEF645F}.Debug|x64.ActiveCfg = Debug|x64
		{2B3C0D1A-58B5-44E7-89E1-59196AEF645F}.Debug|x64.Build.0 = Debug|x64
		{2B3C0D1A-58B5-44E7-89E1-59196AEF645F}.Debug|x86.ActiveCfg = Debug|Win32
		{2B3C0D1A-58B5-44E7-89E1-59196AEF645F}.Debug|x86.Build.0 = Debug|Win32
		{2B3C0D1A-58B5-44E7-89E1-59196AEF645F}.Release|x64.ActiveCfg = Release|x64
		{2B3C0D1A-58B5-44E7-89E1-59196AEF645F}.Release|x64.Build.0 = Release|x64
		{2B3C0D1A-58B5-44E7-89E1-59196AEF645F}.Release|x86.ActiveCfg = Release|Win32
		{2B3C0D1A-58B5-44E7-89E1-59196AEF645F}.Release|x86.Build.0 = Release|Win32
		{61F6137C-5BD3-4D15-83CF-4CAAEA288281}.Debug|x64.ActiveCfg = Debug|x64
		{61F6137C-5BD3-4D15-83CF-4CAAEA288281}.Debug|x64.Build.0 = Debug|x64
		{61F6137C-5BD3-4D15-83CF-4CAAEA288281}.Debug|x86.ActiveCfg = Debug|Win32
		{61F6137C-5BD3-4D15-83CF-4CAAEA288281}.Debug|x86.Build.0 = Debug|Win32
		{61F6137C-5BD3-4D15-83CF-4CAAEA288281}.Release|x64.ActiveCfg = Release|x64
		{61F6137C-5BD3-4D15-83CF-4CAAEA288281}.Release|x64.Build.0 = Release|x64
		{61F6137C-5BD3-4D15-83CF-4CAAEA288281}.Release|x86.ActiveCfg = Release|Win32
		{61F6137C-5BD3-4D15-83CF-4CAAEA288281}.Release|x86.Build.0 = Release|Win32
		{ED9122E5-9F44-41D5-90F1-AC354FF7C490}.Debug|x64.ActiveCfg = Debug|x64
		{ED9122E5-9F44-41D5-90F1-AC354FF7C490}.Debug|x64.Build.0 = Debug|x64
		{ED9122E5-9F44-41D5-90F1-AC354FF7C490}.Debug|x86.ActiveCfg = Debug|Win32
		{ED9122E5-9F44-41D5-90F1-AC354FF7C490}.Debug|x86.Build.0 = Debug|Win32
		{ED9122E5-9F44-41D5-90F1-AC354FF7C490}.Release|x64.ActiveCfg = Release|x64
		{ED9122E5-9F44-41D5-90F1-AC354FF7C490}.Release|x64.Build.0 = Release|x64
		{ED9122E5-9F44-41D5-90F1-AC354FF7C490}.Release|x86.ActiveCfg = Release|Win32
		{ED9122E5-9F44-41D5-90F1-AC354FF7C490}.Release|x86.Build.0 = Release|Win32
		{CBDEBA3F-A856-40F1-A960-8C97CA9C233A}.Debug|x64.ActiveCfg = Debug|x64
		{CBDEBA3F-A856-40F1-A960-8C97CA9C233A}.Debug|x64.Build.0 = Debug|x64
		{CBDEBA3F-A856-40F1-A960-8C97CA9C233A}.Debug|x86.ActiveCfg = Debug|Win32
		{CBDEBA3F-A856-40F1-A960-8C97CA9C233A}.Debug|x86.Build.0 = Debug|Win32
		{CBDEBA3F-A856-40F1-A960-8C97CA9C233A}.Release|x64.ActiveCfg = Release|x64
		{CBDEBA3F-A856-40F1-A960-8C97CA9C233A}.Release|x64.Build.0 = Release|x64
		{CBDEBA3F-A856-40F1-A960-8C97CA9C233A}.Release|x86.ActiveCfg = Release|Win32
		{CBDEBA3F-A856-40F1-A960-8C97CA9C233A}.Release|x86.Build.0 = Release|Win32
		{5E1B9005-F968-4E7D-BF85-10473F7BFA8F}.Debug|x64.ActiveCfg = Debug|x64
		{5E1B9005-F968-4E7D-BF85-10473F7BFA8F}.Debug|x64.Build.0 = Debug|x64
		{5E1B9005-F968-4E7D-BF85-10473F7BFA8F}.Debug|x86.ActiveCfg = Debug|Win32
		{5E1B9005-F968-4E7D-BF85-10473F7BFA8F}.Debug|x86.Build.0 = Debug|Win32
		{5E1B9005-F968-4E7D-BF85-10473F7BFA8F}.Release|x64.ActiveCfg = Release|x64
		{5E1B9005-F968-4E7D-BF85-10473F7BFA8F}.Release|x64.Build.0 = Release|x64
		{5E1B9005-F968-4E7D-BF85-10473F7BFA8F}.Release|x86.ActiveCfg = Release|Win32
		{5E1B9005-F968-4E7D-BF85-10473F7BFA8F}.Release|x86.Build.0 = Release|Win32
		{25E9FA8F-3DC9-4270-8663-1E0E7EA24264}.Debug|x64.ActiveCfg = Debug|x64
		{25E9FA8F-3DC9-4270-8663-1E0E7EA24264}.Debug|x64.Build.0 = Debug|x64
		{25E9FA8F-3DC9-4270-8663-1E0E7EA24264}.Debug|x86.ActiveCfg = Debug|Win32
		{25E9FA8F-3DC9-4270-8663-1E0E7EA24264}.Debug|x86.Build.0 = Debug|Win32
		{25E9FA8F-3DC9-4270-8663-1E0E7EA24264}.Release|x64.ActiveCfg = Release|x64
		{25E9FA8F-3DC9-4270-8663-1E0E7EA24264}.Release|x64.Build.0 = Release|x64
		{25E9FA8F-3DC9-4270-8663-1E0E7EA24264}.Release|x86.ActiveCfg = Release|Win32
		{25E9FA8F-3DC9-4270-8663-1E0E7EA24264}.Release|x86.Build.0 = Release|Win32
		{DBBEFDDD-D828-413B-8F5F-AF3132F8AB14}.Debug|x64.ActiveCfg = Debug|x64
		{DBBEFDDD-D828-413B-8F5F-AF3132F8AB14}.Debug|x64.Build.0 = Debug|x64
		{DBBEFDDD-D828-413B-8F5F-AF3132F8AB14}.Debug|x86.ActiveCfg = Debug|Win32
		{DBBEFDDD-D828-413B-8F5F-AF3132F8AB14}.Debug|x86.Build.0 = Debug|Win32
		{DBBEFDDD-D828-413B-8F5F-AF3132F8AB14}.Release|x64.ActiveCfg = Release|x64
		{DBBEFDDD-D828-413B-8F5F-AF3132F8AB14}.Release|x64.Build.0 = Release|x64
		{DBBEFDDD-D828-413B-8F5F-AF3132F8AB14}.Release|x86.ActiveCfg = Release|Win32
		{DBBEFDDD-D828-413B-8F5F-AF3132F8AB14}.Release|x86.Build.0 = Release|Win32
		{8C248F6D-695C-43E2-BCE8-5C76CF4DDF17}.Debug|x64.ActiveCfg = Debug|x64
		{8C248F6D-695C-43E2-BCE8-5C76CF4DDF17}.Debug|x64.Build.0 = Debug|x64
		{8C248F6D-695C-43E2-BCE8-5C76CF4DDF17}.Debug|x86.ActiveCfg = Debug|Win32
		{8C248F6D-695C-43E2-BCE8-5C76CF4DDF17}.Debug|x86.Build.0 = Debug|Win32
		{8C248F6D-695C-43E2-BCE8-5C76CF4DDF17}.Release|x64.ActiveCfg = Release|x64
		{8C248F6D-695C-43E2-BCE8-5C76CF4DDF17}.Release|x64.Build.0 = Release|x64
		{8C248F6D-695C-43E2-BCE8-5C76CF4DDF17}.Release|x86.ActiveCfg = Release|Win32
		{8C248F6D-695C-43E2-BCE8-5C76CF4DDF17}.Release|x86.Build.0 = Release|Win32
		{58A88F65-4517-4703-99B9-00CF4DCF8423}.Debug|x64.ActiveCfg = Debug|x64
		{58A88F65-4517-4703-99B9-00CF4DCF8423}.Debug|x64.Build.0 = Debug|x64
		{58A88F65-4517-4703-99B9-00CF4DCF8423}.Debug|x86.ActiveCfg = Debug|Win32
		{58A88F65-4517-4703-99B9-00CF4DCF8423}.Debug|x86.Build.0 = Debug|Win32
		{58A88F65-4517-4703-99B9-00CF4DCF8423}.Release|x64.ActiveCfg = Release|x64
		{58A88F65-4517-4703-99B9-00CF4DCF8423}.Release|x64.Build.0 = Release|x64
		{58A88F65-4517-4703-99B9-00CF4DCF8423}.Release|x86.ActiveCfg = Release|Win32
		{58A88F65-4517-4703-99B9-00CF4DCF8423}.Release|x86.Build.0 = Release|Win32
		{6D3D101F-B489-47C0-A547-DB3E327A9389}.Debug|x64.ActiveCfg = Debug|x64
		{6D3D101F-B489-47C0-A547-DB3E327A9389}.Debug|x64.Build.0 = Debug|x64
		{6D3D101F-B489-47C0-A547-DB3E327A9389}.Debug|x86.ActiveCfg = Debug|Win32
		{6D3D101F-B489-47C0-A547-DB3E327A9389}.Debug|x86.Build.0 = Debug|Win32
		{6D3D101F-B489-47C0-A547-DB3E327A9389}.Release|x64.ActiveCfg = Release|x64
		{6D3D101F-B489-47C0-A547-DB3E327A9389}.Release|x64.Build.0 = Release|x64
		{6D3D101F-B489-47C0-A547-DB3E327A9389}.Release|x86.ActiveCfg = Release|Win32
		{6D3D101F-B489-47C0-A547-DB3E327A9389}.Release|x86.Build.0 = Release|Win32
		{ABC882FF-8E24-4138-BE15-0B14CAFDDF1C}.Debug|x64.ActiveCfg = Debug|x64
		{ABC882FF-8E24-4138-BE15-0B14CAFDDF1C}.Debug|x64.Build.0 = Debug|x64
		{ABC882FF-8E24-4138-BE15-0B14CAFDDF1C}.Debug|x86.ActiveCfg = Debug|Win32
		{ABC882FF-8E24-4138-BE15-0B14CAFDDF1C}.Debug|x86.Build.0 = Debug|Win32
		{ABC882FF-8E24-4138-BE15-0B14CAFDDF1C}.Release|x64.ActiveCfg = Release|x64
		{ABC882FF-8E24-4138-BE15-0B14CAFDDF1C}.Release|x64.Build.0 = Release|x64
		{ABC882FF-8E24-4138-BE15-0B14CAFDDF1C}.Release|x86.ActiveCfg = Release|Win32
		{ABC882FF-8E24-4138-BE15-0B14CAFDDF1C}.Release|x86.Build.0 = Release|Win32
		{E33E44DE-B448-4AB6-95D2-C073CA56A718}.Debug|x64.ActiveCfg = Debug|x64
		{E33E44DE-B448-4AB6-95D2-C073CA56A718}.Debug|x64.Build.0 = Debug|x64
		{E33E44DE-B448-4AB6-95D2-C073CA56A718}.Debug|x86.ActiveCfg = Debug|Win32
		{E33E44DE-B448-4AB6-95D2-C073CA56A718}.Debug|x86.Build.0 = Debug|Win32
		{E33E44DE-B448-4AB6-95D2-C073CA56A718}.Release|x64.ActiveCfg = Release|x64
		{E33E44DE-B448-4AB6-95D2-C073CA56A718}.Release|x64.Build.0 = Release|x64
		{E33E44DE-B448-4AB6-95D2-C073CA56A718}.Release|x86.ActiveCfg = Release|Win32
		{E33E44DE-B448-4AB6-95D2-C073CA56A718}.Release|x86.Build.0 = Release|Win32
		{BFA92F86-472C-48F0-9943-C45078F35C03}.Debug|x64.ActiveCfg = Debug|x64
		{BFA92F86-472C-48F0-9943-C45078F35C03}.Debug|x64.Build.0 = Debug|x64
		{BFA92F86-472C-48F0-9943-C45078F35C03}.Debug|x86.ActiveCfg = Debug|Win32
		{BFA92F86-472C-48F0-9943-C45078F35C03}.Debug|x86.Build.0 = Debug|Win32
		{BFA92F86-472C-48F0-9943-C45078F35C03}.Release|x64.ActiveCfg = Release|x64
		{BFA92F86-472C-48F0-9943-C45078F35C03}.Release|x64.Build.0 = Release|x64
		{BFA92F86-472C-48F0-9943-C45078F35C03}.Release|x86.ActiveCfg = Release|Win32
		{BFA92F86-472C-48F0-9943-C45078F35C03}.Release|x86.Build.0 = Release|Win32
		{DB9CE73F-B46A-49DC-BAF3-645A5F35BBF7}.Debug|x64.ActiveCfg = Debug|x64
		{DB9CE73F-B46A-49DC-BAF3-645A5F35BBF7}.Debug|x64.Build.0 = Debug|x64
		{DB9CE73F-B46A-49DC-BAF3-645A5F35BBF7}.Debug|x86.ActiveCfg = Debug|Win32
		{DB9CE73F-B46A-49DC-BAF3-645A5F35BBF7}.Debug|x86.Build.0 = Debug|Win32
		{DB9CE73F-B46A-49DC-BAF3-645A5F35BBF7}.Release|x64.ActiveCfg = Release|x64
		{DB9CE73F-B46A-49DC-BAF3-645A5F35BBF7}.Release|x64.Build.0 = Release|x64
		{DB9CE73F-B46A-49DC-BAF3-645A5F35BBF7}.Release|x86.ActiveCfg = Release|Win32
		{DB9CE73F-B46A-49DC-BAF3-645A5F35BBF7}.Release|x86.Build.0 = Release|Win32
		{183BD091-B0C5-400E-B047-EAF4CB7BE993}.Debug|x64.ActiveCfg = Debug|x64
		{183BD091-B0C5-400E-B047-EAF4CB7BE993}.Debug|x64.Build.0 = Debug|x64
		{183BD091-B0C5-400E-B047-EAF4CB7BE993}.Debug|x86.ActiveCfg = Debug|Win32
		{183BD091-B0C5-400E-B047-EAF4CB7BE993}.Debug|x86.Build.0 = Debug|Win32
		{183BD091-B0C5-400E-B047-EAF4CB7BE993}.Release|x64.ActiveCfg = Release|x64
		{183BD091-B0C5-400E-B047-EAF4CB7BE993}.Release|x64.Build.0 = Release|x64
		{183BD091-B0C5-400E-B047-EAF4CB7BE993}.Release|x86.ActiveCfg = Release|Win32
		{183BD091-B0C5-400E-B047-EAF4CB7BE993}.Release|x86.Build.0 = Release|Win32
		{CD4C61CA-E132-4A41-B785-405396388A6F}.Debug|x64.ActiveCfg = Debug|x64
		{CD4C61CA-E132-4A41-B785-405396388A6F}.Debug|x64.Build.0 = Debug|x64
		{CD4C61CA-E132-4A41-B785-405396388A6F}.Debug|x86.ActiveCfg = Debug|Win32
		{CD4C61CA-E132-4A41-B785-405396388A6F}.Debug|x86.Build.0 = Debug|Win32
		{CD4C61CA-E132-4A41-B785-405396388A6F}.Release|x64.ActiveCfg = Release|x64
		{CD4C61CA-E132-4A41-B785-405396388A6F}.Release|x64.Build.0 = Release|x64
		{CD4C61CA-E132-4A41-B785-405396388A6F}.Release|x86.ActiveCfg = Release|Win32
		{CD4C61CA-E132-4A41-B785-405396388A6F}.Release|x86.Build.0 = Release|Win32
		{EA218BFF-445C-4922-A1D4-6A777A70052A}.Debug|x64.ActiveCfg = Debug|x64
		{EA218BFF-445C-4922-A1D4-6A777A70052A}.Debug|x64.Build.0 = Debug|x64
		{EA218BFF-445C-4922-A1D4-6A777A70052A}.Debug|x86.ActiveCfg = Debug|Win32
		{EA218BFF-445C-4922-A1D4-6A777A70052A}.Debug|x86.Build.0 = Debug|Win32
		{EA218BFF-445C-4922-A1D4-6A777A70052A}.Release|x64.ActiveCfg = Release|x64
		{EA218BFF-445C-4922-A1D4-6A777A70052A}.Release|x64.Build.0 = Release|x64
		{EA218BFF-445C-4922-A1D4-6A777A70052A}.Release|x86.ActiveCfg = Release|Win32
		{EA218BFF-445C-4922-A1D4-6A777A70052A}.Release|x86.Build.0 = Release|Win32
		{B776710B-5F52-4578-B897-D3C3051BFC2A}.Debug|x64.ActiveCfg = Debug|x64
		{B776710B-5F52-4578-B897-D3C3051BFC2A}.Debug|x64.Build.0 = Debug|x64
		{B776710B-5F52-4578-B897-D3C3051BFC2A}.Debug|x86.ActiveCfg = Debug|Win32
		{B776710B-5F52-4578-B897-D3C3051BFC2A}.Debug|x86.Build.0 = Debug|Win32
		{B776710B-5F52-4578-B897-D3C3051BFC2A}.Release|x64.ActiveCfg = Release|x64
		{B776710B-5F52-4578-B897-D3C3051BFC2A}.Release|x64.Build.0 = Release|x64
		{B776710B-5F52-4578-B897-D3C3051BFC2A}.Release|x86.ActiveCfg = Release|Win32
		{B776710B-5F52-4578-B897-D3C3051BFC2A}.Release|x86.Build.0 = Release|Win32
		{3C5F7040-1E86-4908-9856-E78FCB958698}.Debug|x64.ActiveCfg = Debug|x64
		{3C5F7040-1E86-4908-9856-E78FCB958698}.Debug|x64.Build.0 = Debug|x64
		{3C5F7040-1E86-4908-9856-E78FCB958698}.Debug|x86.ActiveCfg = Debug|Win32
		{3C5F7040-1E86-4908-9856-E78FCB958698}.Debug|x86.Build.0 = Debug|Win32
		{3C5F7040-1E86-4908-9856-E78FCB958698}.Release|x64.ActiveCfg = Release|x64
		{3C5F7040-1E86-4908-9856-E78FCB958698}.Release|x64.Build.0 = Release|x64
		{3C5F7040-1E86-4908-9856-E78FCB958698}.Release|x86.ActiveCfg = Release|Win32
		{3C5F7040-1E86-4908-9856-E78FCB958698}.Release|x86.Build.0 = Release|Win32
		{976B1B4A-0FAE-475C-9F0A-9C05AC8F4543}.Debug|x64.ActiveCfg = Debug|x64
		{976B1B4A-0FAE-475C-9F0A-9C05AC8F4543}.Debug|x64.Build.0 = Debug|x64
		{976B1B4A-0FAE-475C-9F0A-9C05AC8F4543}.Debug|x86.ActiveCfg = Debug|Win32
		{976B1B4A-0FAE-475C-9F0A-9C05AC8F4543}.Debug|x86.Build.0 = Debug|Win32
		{976B1B4A-0FAE-475C-9F0A-9C05AC8F4543}.Release|x64.ActiveCfg = Release|x64
		{976B1B4A-0FAE-475C-9F0A-9C05AC8F4543}.Release|x64.Build.0 = Release|x64
		{976B1B4A-0FAE-475C-9F0A-9C05AC8F4543}.Release|x86.ActiveCfg = Release|Win32
		{976B1B4A-0FAE-475C-9F0A-9C05AC8F4543}.Release|x86.Build.0 = Release|Win32
		{02423165-7567-4631-A911-87FB68DD8D51}.Debug|x64.ActiveCfg = Debug|x64
		{02423165-7567-4631-A911-87FB68DD8D51}.Debug|x64.Build.0 = Debug|x64
		{02423165-7567-4631-A911-87FB68DD8D51}.Debug|x86.ActiveCfg = Debug|Win32
		{02423165-7567-4631-A911-87FB68DD8D51}.Debug|x86.Build.0 = Debug|Win32
		{02423165-7567-4631-A911-87FB68DD8D51}.Release|x64.ActiveCfg = Release|x64
		{02423165-7567-4631-A911-87FB68DD8D51}.Release|x64.Build.0 = Release|x64
		{02423165-7567-4631-A911-87FB68DD8D51}.Release|x86.ActiveCfg = Release|Win32
		{02423165-7567-4631-A911-87FB68DD8D51}.Release|x86.Build.0 = Release|Win32
		{27CC2386-11DC-42BD-BF76-A5240C56F23F}.Debug|x64.ActiveCfg = Debug|x64
		{27CC2386-11DC-42BD-BF76-A5240C56F23F}.Debug|x64.Build.0 = Debug|x64
		{27CC2386-11DC-42BD-BF76-A5240C56F23F}.Debug|x86.ActiveCfg = Debug|Win32
		{27CC2386-11DC-42BD-BF76-A5240C56F23F}.Debug|x86.Build.0 = Debug|Win32
		{27CC2386-11DC-42BD-BF76-A5240C56F23F}.Release|x64.ActiveCfg = Release|x64
		{27CC2386-11DC-42BD-BF76-A5240C56F23F}.Release|x64.Build.0 = Release|x64
		{27CC2386-11DC-42BD-BF76-A5240C56F23F}.Release|x86.ActiveCfg = Release|Win32
		{27CC2386-11DC-42BD-BF76-A5240C56F23F}.Release|x86.Build.0 = Release|Win32
		{FB17ADA2-0C0C-424A-9696-7CEFBE2616C9}.Debug|x64.ActiveCfg = Debug|x64
		{FB17ADA2-0C0C-424A-9696-7CEFBE2616C9}.Debug|x64.Build.0 = Debug|x64
		{FB17ADA2-0C0C-424A-9696-7CEFBE2616C9}.Debug|x86.ActiveCfg = Debug|Win32
		{FB17ADA2-0C0C-424A-9696-7CEFBE2616C9}.Debug|x86.Build.0 = Debug|Win32
		{FB17ADA2-0C0C-424A-9696-7CEFBE2616C9}.Release|x64.ActiveCfg = Release|x64
		{FB17ADA2-0C0C-424A-9696-7CEFBE2616C9}.Release|x64.Build.0 = Release|x64
		{FB17ADA2-0C0C-424A-9696-7CEFBE2616C9}.Release|x86.ActiveCfg = Release|Win32
		{FB17ADA2-0C0C-424A-9696-7CEFBE2616C9}.Release|x86.Build.0 = Release|Win32
		{2F0B376C-91D6-4111-A136-39A5908F8865}.Debug|x64.ActiveCfg = Debug|x64
		{2F0B376C-91D6-4111-A136-39A5908F8865}.Debug|x64.Build.0 = Debug|x64
		{2F0B376C-91D6-4111-A136-39A5908F8865}.Debug|x86.ActiveCfg = Debug|Win32
		{2F0B376C-91D6-4111-A136-39A5908F8865}.Debug|x86.Build.0 = Debug|Win32
		{2F0B376C-91D6-4111-A136-39A5908F8865}.Release|x64.ActiveCfg = Release|x64
		{2F0B376C-91D6-4111-A136-39A5908F8865}.Release|x64.Build.0 = Release|x64
		{2F0B376C-91D6-4111-A136-39A5908F8865}.Release|x86.ActiveCfg = Release|Win32
		{2F0B376C-91D6-4111-A136-39A5908F8865}.Release|x86.Build.0 = Release|Win32
		{8EB87EC6-BE3E-4782-AD45-A789CA2B4F64}.Debug|x64.ActiveCfg = Debug|x64
		{8EB87EC6-BE3E-4782-AD45-A789CA2B4F64}.Debug|x64.Build.0 = Debug|x64
		{8EB87EC6-BE3E-4782-AD45-A789CA2B4F64}.Debug|x86.ActiveCfg = Debug|Win32
		{8EB87EC6-BE3E-4782-AD45-A789CA2B4F64}.Debug|x86.Build.0 = Debug|Win32
		{8EB87EC6-BE3E-4782-AD45-A789CA2B4F64}.Release|x64.ActiveCfg = Release|x64
		{8EB87EC6-BE3E-4782-AD45-A789CA2B4F64}.Release|x64.Build.0 = Release|x64
		{8EB87EC6-BE3E-4782-AD45-A789CA2B4F64}.Release|x86.ActiveCfg = Release|Win32
		{8EB87EC6-BE3E-4782-AD45-A789CA2B4F64}.Release|x86.Build.0 = Release|Win32
		{9430CE72-4BFA-4228-84F7-CEF239BA7753}.Debug|x64.ActiveCfg = Debug|x64
		{9430CE72-4BFA-4228-84F7-CEF239BA7753}.Debug|x64.Build.0 = Debug|x64
		{9430CE72-4BFA-4228-84F7-CEF239BA7753}.Debug|x86.ActiveCfg = Debug|Win32
		{9430CE72-4BFA-4228-84F7-CEF239BA7753}.Debug|x86.Build.0 = Debug|Win32
		{9430CE72-4BFA-4228-84F7-CEF239BA7753}.Release|x64.ActiveCfg = Release|x64
		{9430CE72-4BFA-4228-84F7-CEF239BA7753}.Release|x64.Build.0 = Release|x64
		{9430CE72-4BFA-4228-84F7-CEF239BA7753}.Release|x86.ActiveCfg = Release|Win32
		{9430CE72-4BFA-4228-84F7-CEF239BA7753}.Release|x86.Build.0 = Release|Win32
		{B5876099-8D74-427B-A361-AAA55B1F859B}.Debug|x64.ActiveCfg = Debug|x64
		{B5876099-8D74-427B-A361-AAA55B1F859B}.Debug|x64.Build.0 = Debug|x64
		{B5876099-8D74-427B-A361-AAA55B1F859B}.Debug|x86.ActiveCfg = Debug|Win32
		{B5876099-8D74-427B-A361-AAA55B1F859B}.Debug|x86.Build.0 = Debug|Win32
		{B5876099-8D74-427B-A361-AAA55B1F859B}.Release|x64.ActiveCfg = Release|x64
		{B5876099-8D74-427B-A361-AAA55B1F859B}.Release|x64.Build.0 = Release|x64
		{B5876099-8D74-427B-A361-AAA55B1F859B}.Release|x86.ActiveCfg = Release|Win32
		{B5876099-8D74-427B-A361-AAA55B1F859B}.Release|x86.Build.0 = Release|Win32
		{21B97199-BB90-49ED-AEBD-F2075EF668F3}.Debug|x64.ActiveCfg = Debug|x64
		{21B97199-BB90-49ED-AEBD-F2075EF668F3}.Debug|x64.Build.0 = Debug|x64
		{21B97199-BB90-49ED-AEBD-F2075EF668F3}.Debug|x86.ActiveCfg = Debug|Win32
		{21B97199-BB90-49ED-AEBD-F2075EF668F3}.Debug|x86.Build.0 = Debug|Win32
		{21B97199-BB90-49ED-AEBD-F2075EF668F3}.Release|x64.ActiveCfg = Release|x64
		{21B97199-BB90-49ED-AEBD-F2075EF668F3}.Release|x64.Build.0 = Release|x64
		{21B97199-BB90-49ED-AEBD-F2075EF668F3}.Release|x86.ActiveCfg = Release|Win32
		{21B97199-BB90-49ED-AEBD-F2075EF668F3}.Release|x86.Build.0 = Release|Win32
		{2C443CA8-113B-49C0-AC73-38232ACEEC33}.Debug|x64.ActiveCfg = Debug|x64
		{2C443CA8-113B-49C0-AC73-38232ACEEC33}.Debug|x64.Build.0 = Debug|x64
		{2C443CA8-113B-49C0-AC73-38232ACEEC33}.Debug|x86.ActiveCfg = Debug|Win32
		{2C443CA8-113B-49C0-AC73-38232ACEEC33}.Debug|x86.Build.0 = Debug|Win32
		{2C443CA8-113B-49C0-AC73-38232ACEEC33}.Release|x64.ActiveCfg = Release|x64
		{2C443CA8-113B-49C0-AC73-38232ACEEC33}.Release|x64.Build.0 = Release|x64
		{2C443CA8-113B-49C0-AC73-38232ACEEC33}.Release|x86.ActiveCfg = Release|Win32
		{2C443CA8-113B-49C0-AC73-38232ACEEC33}.Release|x86.Build.0 = Release|Win32
		{4540A06C-B2EE-4890-B67E-E1088070EB4E}.Debug|x64.ActiveCfg = Debug|x64
		{4540A06C-B2EE-4890-B67E-E1088070EB4E}.Debug|x64.Build.0 = Debug|x64
		{4540A06C-B2EE-4890-B67E-E1088070EB4E}.Debug|x86.ActiveCfg = Debug|Win32
		{4540A06C-B2EE-4890-B67E-E1088070EB4E}.Debug|x86.Build.0 = Debug|Win32
		{4540A06C-B2EE-4890-B67E-E1088070EB4E}.Release|x64.ActiveCfg = Release|x64
		{4540A06C-B2EE-4890-B67E-E1088070EB4E}.Release|x64.Build.0 = Release|x64
		{4540A06C-B2EE-4890-B67E-E1088070EB4E}.Release|x86.ActiveCfg = Release|Win32
		{4540A06C-B2EE-4890-B67E-E1088070EB4E}.Release|x86.Build.0 = Release|Win32
	EndGlobalSection
	GlobalSection(SolutionProperties) = preSolution
		HideSolutionNode = FALSE
	EndGlobalSection
	GlobalSection(NestedProjects) = preSolution
		{C9D3208E-9A3F-4F47-B9E8-AC59544345B0} = {1F119342-D278-4E84-A61A-69DDDF378384}
		{2D1FCF2C-05DA-40DC-A422-7C81E00D6072} = {F1D42545-C6B5-4B81-8CDD-A7501154D0B4}
		{3633ACC2-8ABF-446A-BFC9-72235E69421B} = {12778789-2E6D-41BB-8506-A9C618B5B6A4}
		{1A92B843-0E59-4483-AE2D-9020607EDC0B} = {5BE0D1DC-0DD5-463C-A71B-F601B8651536}
		{CAC1A50A-09AC-4AAC-B738-E81E7496F410} = {5BE0D1DC-0DD5-463C-A71B-F601B8651536}
		{EF05B95E-7491-4C6D-8984-5D986C82DB58} = {5BE0D1DC-0DD5-463C-A71B-F601B8651536}
		{677AB53C-0035-4979-899C-A778DE44E492} = {F60C9A0D-E79D-4B90-80F9-847546E7DFD7}
		{9A62AA8E-E425-4E08-93E9-A56D2745F568} = {F60C9A0D-E79D-4B90-80F9-847546E7DFD7}
		{947DABCD-3866-4A80-9847-DEEBBA42AECE} = {F60C9A0D-E79D-4B90-80F9-847546E7DFD7}
		{1860A9F6-AC26-4A06-BB60-BC31DF8670AB} = {F60C9A0D-E79D-4B90-80F9-847546E7DFD7}
		{E18CB174-4A0D-452E-BB39-C2E1CF2649F3} = {F60C9A0D-E79D-4B90-80F9-847546E7DFD7}
		{25331C7F-4EB0-462B-8985-E509E80A439E} = {F60C9A0D-E79D-4B90-80F9-847546E7DFD7}
		{472A1A81-87DB-49A4-93CD-EAC9ECFD34BA} = {F60C9A0D-E79D-4B90-80F9-847546E7DFD7}
		{335BD1A0-945C-445D-9EE4-1E5CF7379687} = {F60C9A0D-E79D-4B90-80F9-847546E7DFD7}
		{BEB9236D-F283-4526-9010-7740E7261F9B} = {4B4DBBFE-574C-4117-90FA-5CC2C5D675BA}
		{236B5B4A-C85C-4AAA-90C8-657CA4B91534} = {4B4DBBFE-574C-4117-90FA-5CC2C5D675BA}
		{B614A248-030D-42F8-BEF7-6E85D218540F} = {4B4DBBFE-574C-4117-90FA-5CC2C5D675BA}
		{93262C16-98B4-47FC-A5A6-E25C5B80D705} = {4B4DBBFE-574C-4117-90FA-5CC2C5D675BA}
		{C23D26BB-F94F-43AC-B5A7-0C1AB6D02466} = {4B4DBBFE-574C-4117-90FA-5CC2C5D675BA}
		{80DAA62D-721A-44C4-B318-463AB1675673} = {1CC47824-8231-42CF-82FF-BA142AE0E24E}
		{BDA5A728-8CF8-4F61-93D6-0F38917BCF68} = {1CC47824-8231-42CF-82FF-BA142AE0E24E}
		{1C07EE80-DBBA-4054-B3EE-966A07E01A5B} = {1CC47824-8231-42CF-82FF-BA142AE0E24E}
		{6271D386-E07C-489D-8611-EFD994219A13} = {1CC47824-8231-42CF-82FF-BA142AE0E24E}
		{02D7BC5A-B107-4740-8C3E-CE4A730BF785} = {1CC47824-8231-42CF-82FF-BA142AE0E24E}
		{15595024-A9E0-4722-940B-541EDD3EBFD9} = {1CC47824-8231-42CF-82FF-BA142AE0E24E}
		{C23A1B95-9054-47D9-B911-BD3D474B416F} = {1CC47824-8231-42CF-82FF-BA142AE0E24E}
		{CB998E46-67A6-4822-A820-03161B848130} = {1CC47824-8231-42CF-82FF-BA142AE0E24E}
		{4B819B79-46D9-4D64-A3D7-54E2F4EE73A0} = {19105EB3-E69F-4FE2-A2DE-25770E76D72F}
		{E310DD24-B59B-497D-A9A6-BE057C5938CF} = {19105EB3-E69F-4FE2-A2DE-25770E76D72F}
		{0276E280-EA85-4C1E-BF2C-64079B5ED67A} = {19105EB3-E69F-4FE2-A2DE-25770E76D72F}
		{64DC49CB-20A4-4D34-AA39-B8A0DF17ABCA} = {19105EB3-E69F-4FE2-A2DE-25770E76D72F}
		{AA050021-A898-4602-BB9C-F45FC69C37BF} = {19105EB3-E69F-4FE2-A2DE-25770E76D72F}
		{F629A8B8-E4EE-41BB-A631-FE2569DA4B7A} = {F78B15D0-70D9-44C1-9C08-A9AB8CA65D3F}
		{2B3C0D1A-58B5-44E7-89E1-59196AEF645F} = {F78B15D0-70D9-44C1-9C08-A9AB8CA65D3F}
		{61F6137C-5BD3-4D15-83CF-4CAAEA288281} = {F78B15D0-70D9-44C1-9C08-A9AB8CA65D3F}
		{ED9122E5-9F44-41D5-90F1-AC354FF7C490} = {F78B15D0-70D9-44C1-9C08-A9AB8CA65D3F}
		{CBDEBA3F-A856-40F1-A960-8C97CA9C233A} = {F78B15D0-70D9-44C1-9C08-A9AB8CA65D3F}
		{5E1B9005-F968-4E7D-BF85-10473F7BFA8F} = {F78B15D0-70D9-44C1-9C08-A9AB8CA65D3F}
		{25E9FA8F-3DC9-4270-8663-1E0E7EA24264} = {5EC927DE-6992-4B22-B342-98DB921814FD}
		{DBBEFDDD-D828-413B-8F5F-AF3132F8AB14} = {5EC927DE-6992-4B22-B342-98DB921814FD}
		{8C248F6D-695C-43E2-BCE8-5C76CF4DDF17} = {5EC927DE-6992-4B22-B342-98DB921814FD}
		{58A88F65-4517-4703-99B9-00CF4DCF8423} = {5EC927DE-6992-4B22-B342-98DB921814FD}
		{6D3D101F-B489-47C0-A547-DB3E327A9389} = {5EC927DE-6992-4B22-B342-98DB921814FD}
		{ABC882FF-8E24-4138-BE15-0B14CAFDDF1C} = {5EC927DE-6992-4B22-B342-98DB921814FD}
		{E33E44DE-B448-4AB6-95D2-C073CA56A718} = {5EC927DE-6992-4B22-B342-98DB921814FD}
		{BFA92F86-472C-48F0-9943-C45078F35C03} = {CFD82C67-6B97-401E-A362-F891474D1018}
		{DB9CE73F-B46A-49DC-BAF3-645A5F35BBF7} = {CFD82C67-6B97-401E-A362-F891474D1018}
		{183BD091-B0C5-400E-B047-EAF4CB7BE993} = {CFD82C67-6B97-401E-A362-F891474D1018}
		{CD4C61CA-E132-4A41-B785-405396388A6F} = {CFD82C67-6B97-401E-A362-F891474D1018}
		{EA218BFF-445C-4922-A1D4-6A777A70052A} = {CFD82C67-6B97-401E-A362-F891474D1018}
		{B776710B-5F52-4578-B897-D3C3051BFC2A} = {CFD82C67-6B97-401E-A362-F891474D1018}
		{3C5F7040-1E86-4908-9856-E78FCB958698} = {CFD82C67-6B97-401E-A362-F891474D1018}
		{976B1B4A-0FAE-475C-9F0A-9C05AC8F4543} = {B2477BDD-9F8A-4B5E-B1BD-3A4A1405EBE9}
		{02423165-7567-4631-A911-87FB68DD8D51} = {B2477BDD-9F8A-4B5E-B1BD-3A4A1405EBE9}
		{27CC2386-11DC-42BD-BF76-A5240C56F23F} = {E6413FA9-8E09-4BAD-BB54-9AD3211446EB}
		{FB17ADA2-0C0C-424A-9696-7CEFBE2616C9} = {E6413FA9-8E09-4BAD-BB54-9AD3211446EB}
		{2F0B376C-91D6-4111-A136-39A5908F8865} = {E6413FA9-8E09-4BAD-BB54-9AD3211446EB}
		{1F119342-D278-4E84-A61A-69DDDF378384} = {6B91771E-EB81-4BC8-96DD-CACF3FD1A251}
		{F1D42545-C6B5-4B81-8CDD-A7501154D0B4} = {6B91771E-EB81-4BC8-96DD-CACF3FD1A251}
		{12778789-2E6D-41BB-8506-A9C618B5B6A4} = {6B91771E-EB81-4BC8-96DD-CACF3FD1A251}
		{5BE0D1DC-0DD5-463C-A71B-F601B8651536} = {6B91771E-EB81-4BC8-96DD-CACF3FD1A251}
		{F60C9A0D-E79D-4B90-80F9-847546E7DFD7} = {6B91771E-EB81-4BC8-96DD-CACF3FD1A251}
		{4B4DBBFE-574C-4117-90FA-5CC2C5D675BA} = {6B91771E-EB81-4BC8-96DD-CACF3FD1A251}
		{1CC47824-8231-42CF-82FF-BA142AE0E24E} = {6B91771E-EB81-4BC8-96DD-CACF3FD1A251}
		{19105EB3-E69F-4FE2-A2DE-25770E76D72F} = {6B91771E-EB81-4BC8-96DD-CACF3FD1A251}
		{F78B15D0-70D9-44C1-9C08-A9AB8CA65D3F} = {6B91771E-EB81-4BC8-96DD-CACF3FD1A251}
		{5EC927DE-6992-4B22-B342-98DB921814FD} = {6B91771E-EB81-4BC8-96DD-CACF3FD1A251}
		{CFD82C67-6B97-401E-A362-F891474D1018} = {6B91771E-EB81-4BC8-96DD-CACF3FD1A251}
		{B2477BDD-9F8A-4B5E-B1BD-3A4A1405EBE9} = {6B91771E-EB81-4BC8-96DD-CACF3FD1A251}
		{E6413FA9-8E09-4BAD-BB54-9AD3211446EB} = {816AF768-22EE-4C43-A4F2-6321BEBFD209}
		{8EB87EC6-BE3E-4782-AD45-A789CA2B4F64} = {E6413FA9-8E09-4BAD-BB54-9AD3211446EB}
		{9430CE72-4BFA-4228-84F7-CEF239BA7753} = {E6413FA9-8E09-4BAD-BB54-9AD3211446EB}
		{B5876099-8D74-427B-A361-AAA55B1F859B} = {E6413FA9-8E09-4BAD-BB54-9AD3211446EB}
		{EAA68EBC-87EE-4130-B5FD-488D3CABD334} = {816AF768-22EE-4C43-A4F2-6321BEBFD209}
		{21B97199-BB90-49ED-AEBD-F2075EF668F3} = {EAA68EBC-87EE-4130-B5FD-488D3CABD334}
		{2C443CA8-113B-49C0-AC73-38232ACEEC33} = {EAA68EBC-87EE-4130-B5FD-488D3CABD334}
		{4540A06C-B2EE-4890-B67E-E1088070EB4E} = {EAA68EBC-87EE-4130-B5FD-488D3CABD334}
	EndGlobalSection
	GlobalSection(ExtensibilityGlobals) = postSolution
		SolutionGuid = {07C56235-653C-40B4-B24C-1F23E086A518}
	EndGlobalSection
EndGlobal
